
Microsoft Visual Studio Solution File, Format Version 12.00
# Visual Studio 15
VisualStudioVersion = 15.0.28010.2050
MinimumVisualStudioVersion = 10.0.40219.1
Project("{FAE04EC0-301F-11D3-BF4B-00C04F79EFBC}") = "App1", "App1\App1.csproj", "{6C6FD10F-BBC7-4CC2-B524-A8B1B443D997}"
EndProject
Global
	GlobalSection(SolutionConfigurationPlatforms) = preSolution
		Debug|Any CPU = Debug|Any CPU
		Release|Any CPU = Release|Any CPU
	EndGlobalSection
	GlobalSection(ProjectConfigurationPlatforms) = postSolution
		{6C6FD10F-BBC7-4CC2-B524-A8B1B443D997}.Debug|Any CPU.ActiveCfg = Debug|Any CPU
		{6C6FD10F-BBC7-4CC2-B524-A8B1B443D997}.Debug|Any CPU.Build.0 = Debug|Any CPU
		{6C6FD10F-BBC7-4CC2-B524-A8B1B443D997}.Debug|Any CPU.Deploy.0 = Debug|Any CPU
		{6C6FD10F-BBC7-4CC2-B524-A8B1B443D997}.Release|Any CPU.ActiveCfg = Release|Any CPU
		{6C6FD10F-BBC7-4CC2-B524-A8B1B443D997}.Release|Any CPU.Build.0 = Release|Any CPU
		{6C6FD10F-BBC7-4CC2-B524-A8B1B443D997}.Release|Any CPU.Deploy.0 = Release|Any CPU
	EndGlobalSection
	GlobalSection(SolutionProperties) = preSolution
		HideSolutionNode = FALSE
	EndGlobalSection
	GlobalSection(ExtensibilityGlobals) = postSolution
		SolutionGuid = {C6E0964A-AE0D-47CA-9B95-1B73171C65FB}
	EndGlobalSection
EndGlobal
